version = 1
revision = 3
requires-python = "==3.12.*"

[[package]]
name = "absl-py"
version = "2.5.0"
source = { registry = "https://pypi.org/simple" }
sdist = { url = "https://files.pythonhosted.org/packages/d0/4f/d79676ab82f2e42fc3611618139f13a9c4c31d0cff4b486982047679a802/absl_py-2.5.0.tar.gz", hash = "sha256:0c996f25c0490700fadabe6351630f6111534fa0ae252cc6d2014ea3b141135f", size = 118119, upload-time = "2026-07-03T10:57:48.157Z" }
wheels = [
    { url = "https://files.pythonhosted.org/packages/58/0a/a10b45aab35b175aded078a462dc8d0c698f5b13946e7cb0869097b78bb6/absl_py-2.5.0-py3-none-any.whl", hash = "sha256:0f17b89f2a4eaaedc4f28c622998aa690564b3012a396a4ffad0821007fe03ba", size = 137410, upload-time = "2026-07-03T10:57:46.735Z" },
]

[[package]]
name = "hypogen-jax"
version = "0.1.0"
source = { virtual = "." }
dependencies = [
    { name = "jax", extra = ["cuda12"] },
    { name = "numpy" },
    { name = "optax" },
    { name = "pyyaml" },
]

[package.metadata]
requires-dist = [
    { name = "jax", extras = ["cuda12"], specifier = ">=0.7" },
    { name = "numpy", specifier = ">=2.0" },
    { name = "optax", specifier = ">=0.2" },
    { name = "pyyaml", specifier = ">=6.0" },
]

[[package]]
name = "jax"
version = "0.11.1"
source = { registry = "https://pypi.org/simple" }
dependencies = [
    { name = "jaxlib" },
    { name = "ml-dtypes" },
    { name = "numpy" },
    { name = "opt-einsum" },
    { name = "scipy" },
]
sdist = { url = "https://files.pythonhosted.org/packages/90/aa/c3b6ac3863a490661e255d2356802b54d57b533460fa221d30743d81a6c1/jax-0.11.1.tar.gz", hash = "sha256:43e0d45b1dac002eca04c2de73298395225dd0d4651e3f573a540eaa18abfd80", size = 2864119, upload-time = "2026-08-17T20:31:29.938Z" }
wheels = [
    { url = "https://files.pythonhosted.org/packages/8f/f4/5f9a286e1eeca9faa8b83885edccf63ab2f1b22e17f6a5ea66ac86b1afe4/jax-0.11.1-py3-none-any.whl", hash = "sha256:72ed60bf85a0b53d0f5b5cd61e37a8b25f369f6f88481feb98ab489894861a82", size = 3302513, upload-time = "2026-08-17T20:29:00.294Z" },
]

[package.optional-dependencies]
cuda12 = [
    { name = "jax-cuda12-plugin", extra = ["with-cuda"] },
    { name = "jaxlib" },
]

[[package]]
name = "jax-cuda12-pjrt"
version = "0.11.1"
source = { registry = "https://pypi.org/simple" }
wheels = [
    { url = "https://files.pythonhosted.org/packages/0e/3e/d2072547b8738a7c4cf9ad79589d0efed1a4700952be30b1faa88f87969d/jax_cuda12_pjrt-0.11.1-py3-none-manylinux_2_27_aarch64.whl", hash = "sha256:40021d455bd94522704e321d30e8ada26a7c0a6ef95c4a7542abda0138a29d1c", size = 179725961, upload-time = "2026-08-17T20:29:04.18Z" },
    { url = "https://files.pythonhosted.org/packages/55/15/5709e379c1191b1d354e74a04cb01d61abe29ce4bba29833229525882566/jax_cuda12_pjrt-0.11.1-py3-none-manylinux_2_27_x86_64.whl", hash = "sha256:fdd9d72408e17f7a23bdfa266e9c90136620a724df584629f3506722e2b2f434", size = 184904180, upload-time = "2026-08-17T20:29:12.991Z" },
]

[[package]]
name = "jax-cuda12-plugin"
version = "0.11.1"
source = { registry = "https://pypi.org/simple" }
dependencies = [
    { name = "jax-cuda12-pjrt" },
]
wheels = [
    { url = "https://files.pythonhosted.org/packages/b6/55/7d99e5155d8c1a402c3fcd8f5e3ac9d7d3123725d1cef9d7f519eb4408f4/jax_cuda12_plugin-0.11.1-cp312-cp312-manylinux_2_27_aarch64.whl", hash = "sha256:f2a382e5dbf66330740bf4db3903c612e84b24de09913c7953ed2403c296b686", size = 8551003, upload-time = "2026-08-17T20:29:16.516Z" },
    { url = "https://files.pythonhosted.org/packages/56/45/e30b3348126ded20d5b388e18a4fe399259538506ba1abc2812913f21eee/jax_cuda12_plugin-0.11.1-cp312-cp312-manylinux_2_27_x86_64.whl", hash = "sha256:f0154fbf236bb2231a6fca5204dd1e43ac0c1cf0de3a0020fff9103e53fb8572", size = 8594678, upload-time = "2026-08-17T20:29:18.489Z" },
]

[package.optional-dependencies]
with-cuda = [
    { name = "nvidia-cublas-cu12", marker = "sys_platform == 'linux'" },
    { name = "nvidia-cuda-cupti-cu12", marker = "sys_platform == 'linux'" },
    { name = "nvidia-cuda-nvcc-cu12", marker = "sys_platform == 'linux'" },
    { name = "nvidia-cuda-nvrtc-cu12", marker = "sys_platform == 'linux'" },
    { name = "nvidia-cuda-runtime-cu12", marker = "sys_platform == 'linux'" },
    { name = "nvidia-cudnn-cu12", marker = "sys_platform == 'linux'" },
    { name = "nvidia-cufft-cu12", marker = "sys_platform == 'linux'" },
    { name = "nvidia-cusolver-cu12", marker = "sys_platform == 'linux'" },
    { name = "nvidia-cusparse-cu12", marker = "sys_platform == 'linux'" },
    { name = "nvidia-nccl-cu12", marker = "sys_platform == 'linux'" },
    { name = "nvidia-nvjitlink-cu12", marker = "sys_platform == 'linux'" },
    { name = "nvidia-nvshmem-cu12", marker = "sys_platform == 'linux'" },
]

[[package]]
name = "jaxlib"
version = "0.11.1"
source = { registry = "https://pypi.org/simple" }
dependencies = [
    { name = "ml-dtypes" },
    { name = "numpy" },
    { name = "scipy" },
]
wheels = [
    { url = "https://files.pythonhosted.org/packages/6a/b4/9a7caf8704536e694ab8b4286eb4afa2224f3f75283f370d2246343e7bbc/jaxlib-0.11.1-cp312-cp312-macosx_11_0_arm64.whl", hash = "sha256:384f633331c012491ccd65c38d47cd80d4131f5b3852694766bffa9385ddc9f3", size = 63173264, upload-time = "2026-08-17T20:30:07.721Z" },
    { url = "https://files.pythonhosted.org/packages/77/d9/26613efbc0e219ef16b6069c38378a9b360f85926573e1995c391e48d73e/jaxlib-0.11.1-cp312-cp312-manylinux_2_27_aarch64.whl", hash = "sha256:47bab3a7da8a818f9e7ddecd4ed815429caa2840eda9e968bb6d33b9d8c52067", size = 82772925, upload-time = "2026-08-17T20:30:11.388Z" },
    { url = "https://files.pythonhosted.org/packages/05/41/07c259ea10a5eeb100a66222507e2ce3a01474fa8f13c250bf1a3559a5bb/jaxlib-0.11.1-cp312-cp312-manylinux_2_27_x86_64.whl", hash = "sha256:c3dcec3bb33ebf5c76dc33f962c796652c077edb246464fa32cb1d8fcb6087e6", size = 87903454, upload-time = "2026-08-17T20:30:14.889Z" },
    { url = "https://files.pythonhosted.org/packages/77/d7/555041e5d4116c0aaf8ff513b380da38df547844c30c7c1d41c36e18d12b/jaxlib-0.11.1-cp312-cp312-win_amd64.whl", hash = "sha256:eef943b42d6d42a2b2f3dc2a66e7a3dc89aeb1541f5a13ad8e1e94001bb590ec", size = 68531585, upload-time = "2026-08-17T20:30:18.488Z" },
]

[[package]]
name = "ml-dtypes"
version = "0.6.0"
source = { registry = "https://pypi.org/simple" }
dependencies = [
    { name = "numpy" },
]
sdist = { url = "https://files.pythonhosted.org/packages/12/72/307d7c4bd0600601c7133fba5cb78af7db968152951c1cd473abb1cda782/ml_dtypes-0.6.0.tar.gz", hash = "sha256:5e60251d32ced5598972e4d5e06a2f044341f9291402551a3f6f0ec44f9299b0", size = 3032327, upload-time = "2026-08-13T14:14:40.215Z" }
wheels = [
    { url = "https://files.pythonhosted.org/packages/84/6a/441eb053b078954f7fea284dfb288701884d0a1404d39babb858e1649023/ml_dtypes-0.6.0-cp312-cp312-macosx_10_13_universal2.whl", hash = "sha256:5359c588cc62de6f78d7430f06b65853d884955494d86d6ad90b6dd64a3f3a08", size = 565447, upload-time = "2026-08-13T14:14:01.737Z" },
    { url = "https://files.pythonhosted.org/packages/ed/cf/87e8a6c57eed63a91782a0d229856ddf73e138ce004dd71e2799a9dcdb33/ml_dtypes-0.6.0-cp312-cp312-manylinux_2_27_aarch64.manylinux_2_28_aarch64.whl", hash = "sha256:37da32aa97749251025666d62372775019594577b9c9e9cfda83bed48d778fdb", size = 360227, upload-time = "2026-08-13T14:14:02.938Z" },
    { url = "https://files.pythonhosted.org/packages/c7/f9/7d76c1eae866f5d4636401b31b6d6dd90e4b4ced1fa7cfdfcca9c60e4bd3/ml_dtypes-0.6.0-cp312-cp312-manylinux_2_27_x86_64.manylinux_2_28_x86_64.whl", hash = "sha256:3b4a480aa8fd54a1805b8ac10f3f91763926a74f73c0c364c10f9231854f4170", size = 409890, upload-time = "2026-08-13T14:14:04.248Z" },
    { url = "https://files.pythonhosted.org/packages/ba/db/9c61ec2760b5cbfb1c6558d5c991a6d8fd3271053c32db20506a9a90272b/ml_dtypes-0.6.0-cp312-cp312-win_amd64.whl", hash = "sha256:2a3e9d53925597fbffafd2a37048dadeddd0bdaba58058f6ae0869ed709a184d", size = 439333, upload-time = "2026-08-13T14:14:05.501Z" },
    { url = "https://files.pythonhosted.org/packages/6a/57/780ca3e5ab135b9fbdd8e5441abf5f801b30398371b691291e05ab9834c0/ml_dtypes-0.6.0-cp312-cp312-win_arm64.whl", hash = "sha256:6eaed129a4afe90694b8685e2f9b6294849f5eda4af9a15be83a4326eeebd775", size = 552268, upload-time = "2026-08-13T14:14:06.866Z" },
]

[[package]]
name = "numpy"
version = "2.5.2"
source = { registry = "https://pypi.org/simple" }
sdist = { url = "https://files.pythonhosted.org/packages/9a/80/db0b4559e57ec36362bedbb05530a87fafbcb6067708c946967a41d449e7/numpy-2.5.2.tar.gz", hash = "sha256:d482d171c406ae88c5b19cad3b6a1c4c5209f886ab74bc44c2c865c23f52d860", size = 20773161, upload-time = "2026-08-09T13:48:27.962Z" }
wheels = [
    { url = "https://files.pythonhosted.org/packages/69/72/dccb0aaf40972777283303919f613964227266d0c13adebb79ac124f1c3e/numpy-2.5.2-cp312-cp312-macosx_10_13_x86_64.whl", hash = "sha256:14e373cfc6387177e8409dac3c7159be8eb05cd77096cd7c950268b86f62831c", size = 16891693, upload-time = "2026-08-09T13:44:51.702Z" },
    { url = "https://files.pythonhosted.org/packages/60/2e/b5aee50a1f74ac815cf8331812cb8251e29024025de462e0c047641c614c/numpy-2.5.2-cp312-cp312-macosx_11_0_arm64.whl", hash = "sha256:4bbd96c833ecc8cc069ce518078fc8c60cb9cbfb0fea5b7a803ad65035596d03", size = 11903109, upload-time = "2026-08-09T13:44:55.501Z" },
    { url = "https://files.pythonhosted.org/packages/f3/f4/29e78102a80601cf034d4e9767022cffeca2c3b4c926e1754572ca95593d/numpy-2.5.2-cp312-cp312-macosx_14_0_arm64.whl", hash = "sha256:6e8172ddfcf5cf74b811d372b570b83c60bd2de87a6fbfbebdadb4a9bd9c6cbb", size = 5350202, upload-time = "2026-08-09T13:44:58.401Z" },
    { url = "https://files.pythonhosted.org/packages/11/4b/dcd3b7eadaf4035d2c7a4289d232523a6964f602598ef7674e4bd7291f93/numpy-2.5.2-cp312-cp312-macosx_14_0_x86_64.whl", hash = "sha256:65f188481f1669e26f62b701e8205d19e460fa4a9b52a1414ba382330e4a3414", size = 6687736, upload-time = "2026-08-09T13:45:00.813Z" },
    { url = "https://files.pythonhosted.org/packages/e5/21/4947e0e9d6c9fc2e2ff15b8949049ee44f63adb9cacc729ab8793f97e712/numpy-2.5.2-cp312-cp312-manylinux_2_27_aarch64.manylinux_2_28_aarch64.whl", hash = "sha256:8ee9c4eeb8454b3660a8b53493563c3e121c2fc94fbd72b848ef814ed7b676a9", size = 15612696, upload-time = "2026-08-09T13:45:04.151Z" },
    { url = "https://files.pythonhosted.org/packages/3a/5f/62d28cf019460c7f1394105b4d49d9911a9c444cb77ab0bd95a204c5a6de/numpy-2.5.2-cp312-cp312-manylinux_2_27_x86_64.manylinux_2_28_x86_64.whl", hash = "sha256:3cdec01fa790a186d430433fdd4d4ffb70eed6f0eeb4bf05c8dbe2dce0a9bcb8", size = 16722264, upload-time = "2026-08-09T13:45:07.714Z" },
    { url = "https://files.pythonhosted.org/packages/14/25/3f0be4c1b9fdf5dd5e708a6806978564d7c46a055c000496309ff2a2f8af/numpy-2.5.2-cp312-cp312-musllinux_1_2_aarch64.whl", hash = "sha256:7999d4ddb0c4025018373fd787510d46e04c769467af22869707b3c1cfd459ab", size = 16974396, upload-time = "2026-08-09T13:45:11.316Z" },
    { url = "https://files.pythonhosted.org/packages/22/72/6262cbdeeb45da9d971e40715f579d791603ba8ec0b5e2db1ac55454421d/numpy-2.5.2-cp312-cp312-musllinux_1_2_x86_64.whl", hash = "sha256:c1f017dc0875c9209d219f97feceb7d54c2661bb243deb4114478e1295808af7", size = 18476044, upload-time = "2026-08-09T13:45:14.869Z" },
    { url = "https://files.pythonhosted.org/packages/36/33/29208b8b075bde62d26a81d14b358c42b0f69b6cabd98d4ff97f37f22b05/numpy-2.5.2-cp312-cp312-win32.whl", hash = "sha256:d6a48072864e3324e194a8fbb3c657bcc5b5c869dbc64c9537b1d5c862572c0a", size = 6072817, upload-time = "2026-08-09T13:45:17.867Z" },
    { url = "https://files.pythonhosted.org/packages/7f/b9/87fea2769fe1c47c1b5b01d8310772c9d1a85d485de7cf386ef7a3332b02/numpy-2.5.2-cp312-cp312-win_amd64.whl", hash = "sha256:28ac63476ec7651484215ee7fa15a1f78b57c14621f01e392afe17b9a1390ce4", size = 12464674, upload-time = "2026-08-09T13:45:20.734Z" },
    { url = "https://files.pythonhosted.org/packages/14/52/032b97e00461ab0809bbe4c588b035620e5a14b8cdee47ecddefc7b17d33/numpy-2.5.2-cp312-cp312-win_arm64.whl", hash = "sha256:27650bb0e7140fa3d37b9923b4803645e0b125d190f326eecfd3f4dad8e8ade1", size = 10397131, upload-time = "2026-08-09T13:45:23.73Z" },
]

[[package]]
name = "nvidia-cublas-cu12"
version = "12.9.2.10"
source = { registry = "https://pypi.org/simple" }
dependencies = [
    { name = "nvidia-cuda-nvrtc-cu12" },
]
wheels = [
    { url = "https://files.pythonhosted.org/packages/f7/a2/c96163a0fff1839c0c9548bbdeae7b853b867009e33b9b9264adc238b1cf/nvidia_cublas_cu12-12.9.2.10-py3-none-manylinux_2_27_aarch64.whl", hash = "sha256:5572131a59c3eebeeb1c4c8144f772d49372c20124916e072a0e3fc30df421d5", size = 575012079, upload-time = "2026-04-08T18:51:47.303Z" },
    { url = "https://files.pythonhosted.org/packages/cb/c0/0a517bfe63ccd3b92eb254d264e28fca3c7cab75d07daea315250fb1bf73/nvidia_cublas_cu12-12.9.2.10-py3-none-manylinux_2_27_x86_64.whl", hash = "sha256:e4f53a8ca8c5d6e8c492d0d0a3d565ecb59a751b19cfdaa4f6da0ab2104c1702", size = 581240110, upload-time = "2026-04-08T18:52:31.532Z" },
]

[[package]]
name = "nvidia-cuda-cccl-cu12"
version = "12.9.27"
source = { registry = "https://pypi.org/simple" }
wheels = [
    { url = "https://files.pythonhosted.org/packages/61/7e/82e49956b046bdc506c789235c587d9b3ef58b8bc1782258c1e247229647/nvidia_cuda_cccl_cu12-12.9.27-py3-none-manylinux2014_aarch64.manylinux_2_17_aarch64.whl", hash = "sha256:d7898b38aa68beaa234d48f0868273702342a196d6e2e9d0ef058dca2390ebea", size = 3152245, upload-time = "2025-05-01T19:32:04.802Z" },
    { url = "https://files.pythonhosted.org/packages/18/2a/d4cd8506d2044e082f8cd921be57392e6a9b5ccd3ffdf050362430a3d5d5/nvidia_cuda_cccl_cu12-12.9.27-py3-none-manylinux2014_x86_64.manylinux_2_17_x86_64.whl", hash = "sha256:37869e17ce2e1ecec6eddf1927cca0f8c34e64fd848d40453df559091e2d7117", size = 3152243, upload-time = "2025-05-01T19:32:13.955Z" },
]

[[package]]
name = "nvidia-cuda-cupti-cu12"
version = "12.9.79"
source = { registry = "https://pypi.org/simple" }
wheels = [
    { url = "https://files.pythonhosted.org/packages/b4/78/351b5c8cdbd9a6b4fb0d6ee73fb176dcdc1b6b6ad47c2ffff5ae8ca4a1f7/nvidia_cuda_cupti_cu12-12.9.79-py3-none-manylinux_2_25_aarch64.whl", hash = "sha256:791853b030602c6a11d08b5578edfb957cadea06e9d3b26adbf8d036135a4afe", size = 10077166, upload-time = "2025-06-05T20:01:01.385Z" },
    { url = "https://files.pythonhosted.org/packages/c1/2e/b84e32197e33f39907b455b83395a017e697c07a449a2b15fd07fc1c9981/nvidia_cuda_cupti_cu12-12.9.79-py3-none-manylinux_2_25_x86_64.whl", hash = "sha256:096bcf334f13e1984ba36685ad4c1d6347db214de03dbb6eebb237b41d9d934f", size = 10814997, upload-time = "2025-06-05T20:01:10.168Z" },
]

[[package]]
name = "nvidia-cuda-nvcc-cu12"
version = "12.9.86"
source = { registry = "https://pypi.org/simple" }
wheels = [
    { url = "https://files.pythonhosted.org/packages/25/48/b54a06168a2190572a312bfe4ce443687773eb61367ced31e064953dd2f7/nvidia_cuda_nvcc_cu12-12.9.86-py3-none-manylinux2010_x86_64.manylinux_2_12_x86_64.whl", hash = "sha256:5d6a0d32fdc7ea39917c20065614ae93add6f577d840233237ff08e9a38f58f0", size = 40546229, upload-time = "2025-06-05T20:01:53.357Z" },
    { url = "https://files.pythonhosted.org/packages/d6/5c/8cc072436787104bbbcbde1f76ab4a0d89e68f7cebc758dd2ad7913a43d0/nvidia_cuda_nvcc_cu12-12.9.86-py3-none-manylinux2014_aarch64.manylinux_2_17_aarch64.whl", hash = "sha256:44e1eca4d08926193a558d2434b1bf83d57b4d5743e0c431c0c83d51da1df62b", size = 39411138, upload-time = "2025-06-05T20:01:43.182Z" },
]

[[package]]
name = "nvidia-cuda-nvrtc-cu12"
version = "12.9.86"
source = { registry = "https://pypi.org/simple" }
wheels = [
    { url = "https://files.pythonhosted.org/packages/b8/85/e4af82cc9202023862090bfca4ea827d533329e925c758f0cde964cb54b7/nvidia_cuda_nvrtc_cu12-12.9.86-py3-none-manylinux2010_x86_64.manylinux_2_12_x86_64.whl", hash = "sha256:210cf05005a447e29214e9ce50851e83fc5f4358df8b453155d5e1918094dcb4", size = 89568129, upload-time = "2025-06-05T20:02:41.973Z" },
    { url = "https://files.pythonhosted.org/packages/64/eb/c2295044b8f3b3b08860e2f6a912b702fc92568a167259df5dddb78f325e/nvidia_cuda_nvrtc_cu12-12.9.86-py3-none-manylinux2014_aarch64.manylinux_2_17_aarch64.whl", hash = "sha256:096d4de6bda726415dfaf3198d4f5c522b8e70139c97feef5cd2ca6d4cd9cead", size = 44528905, upload-time = "2025-06-05T20:02:29.754Z" },
]

[[package]]
name = "nvidia-cuda-runtime-cu12"
version = "12.9.79"
source = { registry = "https://pypi.org/simple" }
wheels = [
    { url = "https://files.pythonhosted.org/packages/bc/e0/0279bd94539fda525e0c8538db29b72a5a8495b0c12173113471d28bce78/nvidia_cuda_runtime_cu12-12.9.79-py3-none-manylinux2014_aarch64.manylinux_2_17_aarch64.whl", hash = "sha256:83469a846206f2a733db0c42e223589ab62fd2fabac4432d2f8802de4bded0a4", size = 3515012, upload-time = "2025-06-05T20:00:35.519Z" },
    { url = "https://files.pythonhosted.org/packages/bc/46/a92db19b8309581092a3add7e6fceb4c301a3fd233969856a8cbf042cd3c/nvidia_cuda_runtime_cu12-12.9.79-py3-none-manylinux2014_x86_64.manylinux_2_17_x86_64.whl", hash = "sha256:25bba2dfb01d48a9b59ca474a1ac43c6ebf7011f1b0b8cc44f54eb6ac48a96c3", size = 3493179, upload-time = "2025-06-05T20:00:53.735Z" },
]

[[package]]
name = "nvidia-cudnn-cu12"
version = "9.25.1.1"
source = { registry = "https://pypi.org/simple" }
dependencies = [
    { name = "nvidia-cublas-cu12" },
]
wheels = [
    { url = "https://files.pythonhosted.org/packages/9f/97/65cee6620521af847fde280f3bd10784f3ab3d513f1bfdd87e362bcbc2fe/nvidia_cudnn_cu12-9.25.1.1-py3-none-manylinux_2_27_aarch64.whl", hash = "sha256:c71f4af9025e05e478cfb07f9c2a4c118346dac236e915f3e63769fbcb031cb3", size = 809606039, upload-time = "2026-08-28T23:39:06.797Z" },
    { url = "https://files.pythonhosted.org/packages/74/27/450c690b2ed878fd323dce0fcc6ed1746013210bc9c395f30eaf6fb03b09/nvidia_cudnn_cu12-9.25.1.1-py3-none-manylinux_2_27_x86_64.whl", hash = "sha256:515df94e4060bb58c88588e46fb39a5df310659d2d98733d1697ed667b4895d1", size = 751246851, upload-time = "2026-08-28T23:42:42.06Z" },
]

[[package]]
name = "nvidia-cufft-cu12"
version = "11.4.1.4"
source = { registry = "https://pypi.org/simple" }
dependencies = [
    { name = "nvidia-nvjitlink-cu12" },
]
wheels = [
    { url = "https://files.pythonhosted.org/packages/9b/2b/76445b0af890da61b501fde30650a1a4bd910607261b209cccb5235d3daa/nvidia_cufft_cu12-11.4.1.4-py3-none-manylinux2014_aarch64.manylinux_2_17_aarch64.whl", hash = "sha256:1a28c9b12260a1aa7a8fd12f5ebd82d027963d635ba82ff39a1acfa7c4c0fbcf", size = 200822453, upload-time = "2025-06-05T20:05:27.889Z" },
    { url = "https://files.pythonhosted.org/packages/95/f4/61e6996dd20481ee834f57a8e9dca28b1869366a135e0d42e2aa8493bdd4/nvidia_cufft_cu12-11.4.1.4-py3-none-manylinux2014_x86_64.manylinux_2_17_x86_64.whl", hash = "sha256:c67884f2a7d276b4b80eb56a79322a95df592ae5e765cf1243693365ccab4e28", size = 200877592, upload-time = "2025-06-05T20:05:45.862Z" },
]

[[package]]
name = "nvidia-cusolver-cu12"
version = "11.7.5.82"
source = { registry = "https://pypi.org/simple" }
dependencies = [
    { name = "nvidia-cublas-cu12" },
    { name = "nvidia-cusparse-cu12" },
    { name = "nvidia-nvjitlink-cu12" },
]
wheels = [
    { url = "https://files.pythonhosted.org/packages/03/99/686ff9bf3a82a531c62b1a5c614476e8dfa24a9d89067aeedf3592ee4538/nvidia_cusolver_cu12-11.7.5.82-py3-none-manylinux_2_27_aarch64.whl", hash = "sha256:62efa83e4ace59a4c734d052bb72158e888aa7b770e1a5f601682f16fe5b4fd2", size = 337869834, upload-time = "2025-06-05T20:06:53.125Z" },
    { url = "https://files.pythonhosted.org/packages/33/40/79b0c64d44d6c166c0964ec1d803d067f4a145cca23e23925fd351d0e642/nvidia_cusolver_cu12-11.7.5.82-py3-none-manylinux_2_27_x86_64.whl", hash = "sha256:15da72d1340d29b5b3cf3fd100e3cd53421dde36002eda6ed93811af63c40d88", size = 338117415, upload-time = "2025-06-05T20:07:16.809Z" },
]

[[package]]
name = "nvidia-cusparse-cu12"
version = "12.5.10.65"
source = { registry = "https://pypi.org/simple" }
dependencies = [
    { name = "nvidia-nvjitlink-cu12" },
]
wheels = [
    { url = "https://files.pythonhosted.org/packages/5e/6f/8710fbd17cdd1d0fc3fea7d36d5b65ce1933611c31e1861da330206b253a/nvidia_cusparse_cu12-12.5.10.65-py3-none-manylinux2014_aarch64.manylinux_2_17_aarch64.whl", hash = "sha256:221c73e7482dd93eda44e65ce567c031c07e2f93f6fa0ecd3ba876a195023e83", size = 366359408, upload-time = "2025-06-05T20:07:42.501Z" },
    { url = "https://files.pythonhosted.org/packages/12/46/b0fd4b04f86577921feb97d8e2cf028afe04f614d17fb5013de9282c9216/nvidia_cusparse_cu12-12.5.10.65-py3-none-manylinux2014_x86_64.manylinux_2_17_x86_64.whl", hash = "sha256:73060ce019ac064a057267c585bf1fd5a353734151f87472ff02b2c5c9984e78", size = 366465088, upload-time = "2025-06-05T20:08:20.413Z" },
]

[[package]]
name = "nvidia-nccl-cu12"
version = "2.31.2"
source = { registry = "https://pypi.org/simple" }
wheels = [
    { url = "https://files.pythonhosted.org/packages/37/85/b073e54c993cd9f79faa955d7c9bd7356da408935483aebc3cbb53a922ec/nvidia_nccl_cu12-2.31.2-py3-none-manylinux_2_18_aarch64.whl", hash = "sha256:f208de397e431631eab0eca946444404a495d43a007535baa333d7de9e510ca2", size = 342026203, upload-time = "2026-08-11T23:23:40.509Z" },
    { url = "https://files.pythonhosted.org/packages/0f/36/104de52d6368f5b7f886e8fd252e0a438fe73a215e59b1b47f93a80ae2ea/nvidia_nccl_cu12-2.31.2-py3-none-manylinux_2_18_x86_64.whl", hash = "sha256:f9b1dc3c2a7e20176054144ebb3b32fea83b40402ee5d7ac7045cd11ecc956c0", size = 342105414, upload-time = "2026-08-11T23:24:24.167Z" },
]

[[package]]
name = "nvidia-nvjitlink-cu12"
version = "12.9.86"
source = { registry = "https://pypi.org/simple" }
wheels = [
    { url = "https://files.pythonhosted.org/packages/46/0c/c75bbfb967457a0b7670b8ad267bfc4fffdf341c074e0a80db06c24ccfd4/nvidia_nvjitlink_cu12-12.9.86-py3-none-manylinux2010_x86_64.manylinux_2_12_x86_64.whl", hash = "sha256:e3f1171dbdc83c5932a45f0f4c99180a70de9bd2718c1ab77d14104f6d7147f9", size = 39748338, upload-time = "2025-06-05T20:10:25.613Z" },
    { url = "https://files.pythonhosted.org/packages/97/bc/2dcba8e70cf3115b400fef54f213bcd6715a3195eba000f8330f11e40c45/nvidia_nvjitlink_cu12-12.9.86-py3-none-manylinux2014_aarch64.manylinux_2_17_aarch64.whl", hash = "sha256:994a05ef08ef4b0b299829cde613a424382aff7efb08a7172c1fa616cc3af2ca", size = 39514880, upload-time = "2025-06-05T20:10:04.89Z" },
]

[[package]]
name = "nvidia-nvshmem-cu12"
version = "3.7.2"
source = { registry = "https://pypi.org/simple" }
dependencies = [
    { name = "nvidia-cuda-cccl-cu12" },
]
wheels = [
    { url = "https://files.pythonhosted.org/packages/88/a1/9ca9cc3338217311cee21f7ba795dad4f38b7a279a6da7d3d549258f60b1/nvidia_nvshmem_cu12-3.7.2-py3-none-manylinux2014_aarch64.manylinux_2_17_aarch64.whl", hash = "sha256:98495de30994f1401a12cc8158ffacbeada44579f54185d75665381468056faa", size = 229963056, upload-time = "2026-07-17T19:23:44.067Z" },
    { url = "https://files.pythonhosted.org/packages/63/03/cde130e3ff706784f9efd47204f299b15113ea08203e98a556603dac245d/nvidia_nvshmem_cu12-3.7.2-py3-none-manylinux2014_x86_64.manylinux_2_17_x86_64.whl", hash = "sha256:02b6d3482d90ea8ba214bc400362297f573257763990a98c9846ec5c786a7227", size = 230171132, upload-time = "2026-07-17T19:25:07.092Z" },
]

[[package]]
name = "opt-einsum"
version = "3.4.0"
source = { registry = "https://pypi.org/simple" }
sdist = { url = "https://files.pythonhosted.org/packages/8c/b9/2ac072041e899a52f20cf9510850ff58295003aa75525e58343591b0cbfb/opt_einsum-3.4.0.tar.gz", hash = "sha256:96ca72f1b886d148241348783498194c577fa30a8faac108586b14f1ba4473ac", size = 63004, upload-time = "2024-09-26T14:33:24.483Z" }
wheels = [
    { url = "https://files.pythonhosted.org/packages/23/cd/066e86230ae37ed0be70aae89aabf03ca8d9f39c8aea0dec8029455b5540/opt_einsum-3.4.0-py3-none-any.whl", hash = "sha256:69bb92469f86a1565195ece4ac0323943e83477171b91d24c35afe028a90d7cd", size = 71932, upload-time = "2024-09-26T14:33:23.039Z" },
]

[[package]]
name = "optax"
version = "0.2.8"
source = { registry = "https://pypi.org/simple" }
dependencies = [
    { name = "absl-py" },
    { name = "jax" },
    { name = "jaxlib" },
    { name = "numpy" },
]
sdist = { url = "https://files.pythonhosted.org/packages/8c/f9/e3d11ae6f298ee941a0690e353a323d158ba5dedc436e75621c310845c5c/optax-0.2.8.tar.gz", hash = "sha256:5b225b35066fc3eebaa4d798f1b4173b4d57d1a480610908981f8343b50af0b0", size = 301193, upload-time = "2026-03-20T23:30:05.465Z" }
wheels = [
    { url = "https://files.pythonhosted.org/packages/8a/69/6a93d8600c339d7687a05857c7907bd4dd8cf88691a5ea106d7a50af90a1/optax-0.2.8-py3-none-any.whl", hash = "sha256:e3ca2d36c99daab1800ae9dbc0545034382d6bc780b24d969e1b0df65fa31cb4", size = 402960, upload-time = "2026-03-20T23:30:03.886Z" },
]

[[package]]
name = "pyyaml"
version = "6.0.3"
source = { registry = "https://pypi.org/simple" }
sdist = { url = "https://files.pythonhosted.org/packages/05/8e/961c0007c59b8dd7729d542c61a4d537767a59645b82a0b521206e1e25c2/pyyaml-6.0.3.tar.gz", hash = "sha256:d76623373421df22fb4cf8817020cbb7ef15c725b9d5e45f17e189bfc384190f", size = 130960, upload-time = "2025-09-25T21:33:16.546Z" }
wheels = [
    { url = "https://files.pythonhosted.org/packages/d1/33/422b98d2195232ca1826284a76852ad5a86fe23e31b009c9886b2d0fb8b2/pyyaml-6.0.3-cp312-cp312-macosx_10_13_x86_64.whl", hash = "sha256:7f047e29dcae44602496db43be01ad42fc6f1cc0d8cd6c83d342306c32270196", size = 182063, upload-time = "2025-09-25T21:32:11.445Z" },
    { url = "https://files.pythonhosted.org/packages/89/a0/6cf41a19a1f2f3feab0e9c0b74134aa2ce6849093d5517a0c550fe37a648/pyyaml-6.0.3-cp312-cp312-macosx_11_0_arm64.whl", hash = "sha256:fc09d0aa354569bc501d4e787133afc08552722d3ab34836a80547331bb5d4a0", size = 173973, upload-time = "2025-09-25T21:32:12.492Z" },
    { url = "https://files.pythonhosted.org/packages/ed/23/7a778b6bd0b9a8039df8b1b1d80e2e2ad78aa04171592c8a5c43a56a6af4/pyyaml-6.0.3-cp312-cp312-manylinux2014_aarch64.manylinux_2_17_aarch64.manylinux_2_28_aarch64.whl", hash = "sha256:9149cad251584d5fb4981be1ecde53a1ca46c891a79788c0df828d2f166bda28", size = 775116, upload-time = "2025-09-25T21:32:13.652Z" },
    { url = "https://files.pythonhosted.org/packages/65/30/d7353c338e12baef4ecc1b09e877c1970bd3382789c159b4f89d6a70dc09/pyyaml-6.0.3-cp312-cp312-manylinux2014_s390x.manylinux_2_17_s390x.manylinux_2_28_s390x.whl", hash = "sha256:5fdec68f91a0c6739b380c83b951e2c72ac0197ace422360e6d5a959d8d97b2c", size = 844011, upload-time = "2025-09-25T21:32:15.21Z" },
    { url = "https://files.pythonhosted.org/packages/8b/9d/b3589d3877982d4f2329302ef98a8026e7f4443c765c46cfecc8858c6b4b/pyyaml-6.0.3-cp312-cp312-manylinux2014_x86_64.manylinux_2_17_x86_64.manylinux_2_28_x86_64.whl", hash = "sha256:ba1cc08a7ccde2d2ec775841541641e4548226580ab850948cbfda66a1befcdc", size = 807870, upload-time = "2025-09-25T21:32:16.431Z" },
    { url = "https://files.pythonhosted.org/packages/05/c0/b3be26a015601b822b97d9149ff8cb5ead58c66f981e04fedf4e762f4bd4/pyyaml-6.0.3-cp312-cp312-musllinux_1_2_aarch64.whl", hash = "sha256:8dc52c23056b9ddd46818a57b78404882310fb473d63f17b07d5c40421e47f8e", size = 761089, upload-time = "2025-09-25T21:32:17.56Z" },
    { url = "https://files.pythonhosted.org/packages/be/8e/98435a21d1d4b46590d5459a22d88128103f8da4c2d4cb8f14f2a96504e1/pyyaml-6.0.3-cp312-cp312-musllinux_1_2_x86_64.whl", hash = "sha256:41715c910c881bc081f1e8872880d3c650acf13dfa8214bad49ed4cede7c34ea", size = 790181, upload-time = "2025-09-25T21:32:18.834Z" },
    { url = "https://files.pythonhosted.org/packages/74/93/7baea19427dcfbe1e5a372d81473250b379f04b1bd3c4c5ff825e2327202/pyyaml-6.0.3-cp312-cp312-win32.whl", hash = "sha256:96b533f0e99f6579b3d4d4995707cf36df9100d67e0c8303a0c55b27b5f99bc5", size = 137658, upload-time = "2025-09-25T21:32:20.209Z" },
    { url = "https://files.pythonhosted.org/packages/86/bf/899e81e4cce32febab4fb42bb97dcdf66bc135272882d1987881a4b519e9/pyyaml-6.0.3-cp312-cp312-win_amd64.whl", hash = "sha256:5fcd34e47f6e0b794d17de1b4ff496c00986e1c83f7ab2fb8fcfe9616ff7477b", size = 154003, upload-time = "2025-09-25T21:32:21.167Z" },
    { url = "https://files.pythonhosted.org/packages/1a/08/67bd04656199bbb51dbed1439b7f27601dfb576fb864099c7ef0c3e55531/pyyaml-6.0.3-cp312-cp312-win_arm64.whl", hash = "sha256:64386e5e707d03a7e172c0701abfb7e10f0fb753ee1d773128192742712a98fd", size = 140344, upload-time = "2025-09-25T21:32:22.617Z" },
]

[[package]]
name = "scipy"
version = "1.18.1"
source = { registry = "https://pypi.org/simple" }
dependencies = [
    { name = "numpy" },
]
sdist = { url = "https://files.pythonhosted.org/packages/7e/74/66de6258867beb2ef08f35f9f2ac017a52cacd5081714d239ff1a442d458/scipy-1.18.1.tar.gz", hash = "sha256:52c4b7422442aba924d03ad4019852b08a92e64ea187b933135687bfe2747307", size = 30781235, upload-time = "2026-08-21T23:28:50.599Z" }
wheels = [
    { url = "https://files.pythonhosted.org/packages/18/f7/240c110c08693826b4513a52f5717d62ec7c7af72f2920821247c03b17b3/scipy-1.18.1-cp312-cp312-macosx_10_15_x86_64.whl", hash = "sha256:457fd7a2a8edeb044ab6ffbc0aa03ff6cd18491356e5e0c834d76ce621b916d1", size = 31111061, upload-time = "2026-08-21T23:23:44.522Z" },
    { url = "https://files.pythonhosted.org/packages/05/4a/78c6285577c375e7cf27277ea8ee6961224327f1e1a0c44af5f17f23635c/scipy-1.18.1-cp312-cp312-macosx_12_0_arm64.whl", hash = "sha256:e708533e8b2ae2497d65346538a7dcc92814410b25b81432eac66de0f2af8265", size = 28733332, upload-time = "2026-08-21T23:23:50.015Z" },
    { url = "https://files.pythonhosted.org/packages/a5/f6/a5b82f8abbe14d134691b8b903696f701d25a081353a29dc655c364d9e62/scipy-1.18.1-cp312-cp312-macosx_14_0_arm64.whl", hash = "sha256:7bbf207c4453ce1ad2e00b17313852b33310b83090c2311bdaf97f93c0380d12", size = 20475078, upload-time = "2026-08-21T23:23:54.138Z" },
    { url = "https://files.pythonhosted.org/packages/23/22/0858a0bbd6b3e825ceb8cd9baf9eaf3b2f2b1d77727eb6be40500bcdc92f/scipy-1.18.1-cp312-cp312-macosx_14_0_x86_64.whl", hash = "sha256:78c0665edead396b1abb4897c41a5c1d9bf090c8a637a4c20a61678e0a264e66", size = 23108904, upload-time = "2026-08-21T23:23:57.824Z" },
    { url = "https://files.pythonhosted.org/packages/75/9a/2e71719f31eaefe0e3a1706c4a1ded94e664bfd95ffca2b219a671faee01/scipy-1.18.1-cp312-cp312-manylinux_2_27_aarch64.manylinux_2_28_aarch64.whl", hash = "sha256:3c085faa2cfa879c5141df483f836f4d691045a078224a670fa570fa01612d89", size = 34025113, upload-time = "2026-08-21T23:24:02.209Z" },
    { url = "https://files.pythonhosted.org/packages/df/64/ff35eb9e54894cf471ff4716abd3c81eb0a0626869217ce3e6ba4ccf17d7/scipy-1.18.1-cp312-cp312-manylinux_2_27_x86_64.manylinux_2_28_x86_64.whl", hash = "sha256:f55fa87b6c612ecd6b058f167c53231b1d14e412efe361d3d6e38b3631c73218", size = 35344199, upload-time = "2026-08-21T23:24:07.844Z" },
    { url = "https://files.pythonhosted.org/packages/d3/af/c5538be1792f7034c12c7db6ee67cace58253c7b87b122d68253eaf5de89/scipy-1.18.1-cp312-cp312-musllinux_1_2_aarch64.whl", hash = "sha256:c35d74ce0e193ff740c2f2be2ac913ddc232fe6c1ff40b26cfecb9c670c63314", size = 35639587, upload-time = "2026-08-21T23:24:13.05Z" },
    { url = "https://files.pythonhosted.org/packages/91/4c/075e4f66471bac101141ac739e9e135549be1bae584571bd03a530c056e1/scipy-1.18.1-cp312-cp312-musllinux_1_2_x86_64.whl", hash = "sha256:d2924a03db38dc2e848bca2fe9f077dafb891480b91a00a0963a8cf86dfc31c1", size = 37480330, upload-time = "2026-08-21T23:24:19.608Z" },
    { url = "https://files.pythonhosted.org/packages/39/e7/979fd14e75008623df31ba70d6bb144700f68feadcea042021c06a05bf82/scipy-1.18.1-cp312-cp312-win_amd64.whl", hash = "sha256:5e4d44984abc0020154ea81b247adeddcc3ac5527b975ff798bd1ba0adc513c2", size = 36658278, upload-time = "2026-08-21T23:24:25.463Z" },
    { url = "https://files.pythonhosted.org/packages/c7/0b/e1525354ff9d7d5feb6d1b31af6d14072e5c91e9607b421fa1ec889660b3/scipy-1.18.1-cp312-cp312-win_arm64.whl", hash = "sha256:d65d448389b8436493abcf629cc94ad0cf32aecaf06e1acca1de53cc795f2f12", size = 24400588, upload-time = "2026-08-21T23:24:30.579Z" },
]
